
Microsoft Visual Studio Solution File, Format Version 12.00
# Visual Studio 15
VisualStudioVersion = 15.0.26124.0
MinimumVisualStudioVersion = 15.0.26124.0
Project("{2150E333-8FDC-42A3-9474-1A3956D46DE8}") = "src", "src", "{7B7A9598-0FFA-40FC-8B2C-D5C5B900E46D}"
EndProject
Project("{FAE04EC0-301F-11D3-BF4B-00C04F79EFBC}") = "diffix", "src\diffix\diffix.csproj", "{9B97B19F-A9D9-4337-852B-6F6379BD8B46}"
EndProject
Project("{FAE04EC0-301F-11D3-BF4B-00C04F79EFBC}") = "aircloak", "src\aircloak\aircloak.csproj", "{8DD2FC8C-7109-419A-8212-ECA382323A0D}"
EndProject
Project("{FAE04EC0-301F-11D3-BF4B-00C04F79EFBC}") = "explorer", "src\explorer\explorer.csproj", "{97BCB470-6AE5-4784-A930-C5A8DB5C7405}"
EndProject
Project("{FAE04EC0-301F-11D3-BF4B-00C04F79EFBC}") = "explorer.api", "src\explorer.api\explorer.api.csproj", "{F2DDC985-64F3-4E66-A4A0-048C504C4745}"
EndProject
Global
	GlobalSection(SolutionConfigurationPlatforms) = preSolution
		Debug|Any CPU = Debug|Any CPU
		Debug|x64 = Debug|x64
		Debug|x86 = Debug|x86
		Release|Any CPU = Release|Any CPU
		Release|x64 = Release|x64
		Release|x86 = Release|x86
	EndGlobalSection
	GlobalSection(SolutionProperties) = preSolution
		HideSolutionNode = FALSE
	EndGlobalSection
	GlobalSection(ProjectConfigurationPlatforms) = postSolution
		{F2DDC985-64F3-4E66-A4A0-048C504C4745}.Debug|Any CPU.ActiveCfg = Debug|Any CPU
		{F2DDC985-64F3-4E66-A4A0-048C504C4745}.Debug|Any CPU.Build.0 = Debug|Any CPU
		{F2DDC985-64F3-4E66-A4A0-048C504C4745}.Debug|x64.ActiveCfg = Debug|Any CPU
		{F2DDC985-64F3-4E66-A4A0-048C504C4745}.Debug|x64.Build.0 = Debug|Any CPU
		{F2DDC985-64F3-4E66-A4A0-048C504C4745}.Debug|x86.ActiveCfg = Debug|Any CPU
		{F2DDC985-64F3-4E66-A4A0-048C504C4745}.Debug|x86.Build.0 = Debug|Any CPU
		{F2DDC985-64F3-4E66-A4A0-048C504C4745}.Release|Any CPU.ActiveCfg = Release|Any CPU
		{F2DDC985-64F3-4E66-A4A0-048C504C4745}.Release|Any CPU.Build.0 = Release|Any CPU
		{F2DDC985-64F3-4E66-A4A0-048C504C4745}.Release|x64.ActiveCfg = Release|Any CPU
		{F2DDC985-64F3-4E66-A4A0-048C504C4745}.Release|x64.Build.0 = Release|Any CPU
		{F2DDC985-64F3-4E66-A4A0-048C504C4745}.Release|x86.ActiveCfg = Release|Any CPU
		{F2DDC985-64F3-4E66-A4A0-048C504C4745}.Release|x86.Build.0 = Release|Any CPU
		{8DD2FC8C-7109-419A-8212-ECA382323A0D}.Debug|Any CPU.ActiveCfg = Debug|Any CPU
		{8DD2FC8C-7109-419A-8212-ECA382323A0D}.Debug|Any CPU.Build.0 = Debug|Any CPU
		{8DD2FC8C-7109-419A-8212-ECA382323A0D}.Debug|x64.ActiveCfg = Debug|Any CPU
		{8DD2FC8C-7109-419A-8212-ECA382323A0D}.Debug|x64.Build.0 = Debug|Any CPU
		{8DD2FC8C-7109-419A-8212-ECA382323A0D}.Debug|x86.ActiveCfg = Debug|Any CPU
		{8DD2FC8C-7109-419A-8212-ECA382323A0D}.Debug|x86.Build.0 = Debug|Any CPU
		{8DD2FC8C-7109-419A-8212-ECA382323A0D}.Release|Any CPU.ActiveCfg = Release|Any CPU
		{8DD2FC8C-7109-419A-8212-ECA382323A0D}.Release|Any CPU.Build.0 = Release|Any CPU
		{8DD2FC8C-7109-419A-8212-ECA382323A0D}.Release|x64.ActiveCfg = Release|Any CPU
		{8DD2FC8C-7109-419A-8212-ECA382323A0D}.Release|x64.Build.0 = Release|Any CPU
		{8DD2FC8C-7109-419A-8212-ECA382323A0D}.Release|x86.ActiveCfg = Release|Any CPU
		{8DD2FC8C-7109-419A-8212-ECA382323A0D}.Release|x86.Build.0 = Release|Any CPU
		{9B97B19F-A9D9-4337-852B-6F6379BD8B46}.Debug|Any CPU.ActiveCfg = Debug|Any CPU
		{9B97B19F-A9D9-4337-852B-6F6379BD8B46}.Debug|Any CPU.Build.0 = Debug|Any CPU
		{9B97B19F-A9D9-4337-852B-6F6379BD8B46}.Debug|x64.ActiveCfg = Debug|Any CPU
		{9B97B19F-A9D9-4337-852B-6F6379BD8B46}.Debug|x64.Build.0 = Debug|Any CPU
		{9B97B19F-A9D9-4337-852B-6F6379BD8B46}.Debug|x86.ActiveCfg = Debug|Any CPU
		{9B97B19F-A9D9-4337-852B-6F6379BD8B46}.Debug|x86.Build.0 = Debug|Any CPU
		{9B97B19F-A9D9-4337-852B-6F6379BD8B46}.Release|Any CPU.ActiveCfg = Release|Any CPU
		{9B97B19F-A9D9-4337-852B-6F6379BD8B46}.Release|Any CPU.Build.0 = Release|Any CPU
		{9B97B19F-A9D9-4337-852B-6F6379BD8B46}.Release|x64.ActiveCfg = Release|Any CPU
		{9B97B19F-A9D9-4337-852B-6F6379BD8B46}.Release|x64.Build.0 = Release|Any CPU
		{9B97B19F-A9D9-4337-852B-6F6379BD8B46}.Release|x86.ActiveCfg = Release|Any CPU
		{9B97B19F-A9D9-4337-852B-6F6379BD8B46}.Release|x86.Build.0 = Release|Any CPU
		{97BCB470-6AE5-4784-A930-C5A8DB5C7405}.Debug|Any CPU.ActiveCfg = Debug|Any CPU
		{97BCB470-6AE5-4784-A930-C5A8DB5C7405}.Debug|Any CPU.Build.0 = Debug|Any CPU
		{97BCB470-6AE5-4784-A930-C5A8DB5C7405}.Debug|x64.ActiveCfg = Debug|Any CPU
		{97BCB470-6AE5-4784-A930-C5A8DB5C7405}.Debug|x64.Build.0 = Debug|Any CPU
		{97BCB470-6AE5-4784-A930-C5A8DB5C7405}.Debug|x86.ActiveCfg = Debug|Any CPU
		{97BCB470-6AE5-4784-A930-C5A8DB5C7405}.Debug|x86.Build.0 = Debug|Any CPU
		{97BCB470-6AE5-4784-A930-C5A8DB5C7405}.Release|Any CPU.ActiveCfg = Release|Any CPU
		{97BCB470-6AE5-4784-A930-C5A8DB5C7405}.Release|Any CPU.Build.0 = Release|Any CPU
		{97BCB470-6AE5-4784-A930-C5A8DB5C7405}.Release|x64.ActiveCfg = Release|Any CPU
		{97BCB470-6AE5-4784-A930-C5A8DB5C7405}.Release|x64.Build.0 = Release|Any CPU
		{97BCB470-6AE5-4784-A930-C5A8DB5C7405}.Release|x86.ActiveCfg = Release|Any CPU
		{97BCB470-6AE5-4784-A930-C5A8DB5C7405}.Release|x86.Build.0 = Release|Any CPU
	EndGlobalSection
	GlobalSection(NestedProjects) = preSolution
		{8DD2FC8C-7109-419A-8212-ECA382323A0D} = {7B7A9598-0FFA-40FC-8B2C-D5C5B900E46D}
		{9B97B19F-A9D9-4337-852B-6F6379BD8B46} = {7B7A9598-0FFA-40FC-8B2C-D5C5B900E46D}
		{97BCB470-6AE5-4784-A930-C5A8DB5C7405} = {7B7A9598-0FFA-40FC-8B2C-D5C5B900E46D}
	EndGlobalSection
EndGlobal
